# This file is generated by running "yarn install" inside your project.
# Manual changes might be lost - proceed with caution!

__metadata:
  version: 8
  cacheKey: 10c0

"@esbuild/aix-ppc64@npm:0.24.0":
  version: 0.24.0
  resolution: "@esbuild/aix-ppc64@npm:0.24.0"
  conditions: os=aix & cpu=ppc64
  languageName: node
  linkType: hard

"@esbuild/android-arm64@npm:0.24.0":
  version: 0.24.0
  resolution: "@esbuild/android-arm64@npm:0.24.0"
  conditions: os=android & cpu=arm64
  languageName: node
  linkType: hard

"@esbuild/android-arm@npm:0.24.0":
  version: 0.24.0
  resolution: "@esbuild/android-arm@npm:0.24.0"
  conditions: os=android & cpu=arm
  languageName: node
  linkType: hard

"@esbuild/android-x64@npm:0.24.0":
  version: 0.24.0
  resolution: "@esbuild/android-x64@npm:0.24.0"
  conditions: os=android & cpu=x64
  languageName: node
  linkType: hard

"@esbuild/darwin-arm64@npm:0.24.0":
  version: 0.24.0
  resolution: "@esbuild/darwin-arm64@npm:0.24.0"
  conditions: os=darwin & cpu=arm64
  languageName: node
  linkType: hard

"@esbuild/darwin-x64@npm:0.24.0":
  version: 0.24.0
  resolution: "@esbuild/darwin-x64@npm:0.24.0"
  conditions: os=darwin & cpu=x64
  languageName: node
  linkType: hard

"@esbuild/freebsd-arm64@npm:0.24.0":
  version: 0.24.0
  resolution: "@esbuild/freebsd-arm64@npm:0.24.0"
  conditions: os=freebsd & cpu=arm64
  languageName: node
  linkType: hard

"@esbuild/freebsd-x64@npm:0.24.0":
  version: 0.24.0
  resolution: "@esbuild/freebsd-x64@npm:0.24.0"
  conditions: os=freebsd & cpu=x64
  languageName: node
  linkType: hard

"@esbuild/linux-arm64@npm:0.24.0":
  version: 0.24.0
  resolution: "@esbuild/linux-arm64@npm:0.24.0"
  conditions: os=linux & cpu=arm64
  languageName: node
  linkType: hard

"@esbuild/linux-arm@npm:0.24.0":
  version: 0.24.0
  resolution: "@esbuild/linux-arm@npm:0.24.0"
  conditions: os=linux & cpu=arm
  languageName: node
  linkType: hard

"@esbuild/linux-ia32@npm:0.24.0":
  version: 0.24.0
  resolution: "@esbuild/linux-ia32@npm:0.24.0"
  conditions: os=linux & cpu=ia32
  languageName: node
  linkType: hard

"@esbuild/linux-loong64@npm:0.24.0":
  version: 0.24.0
  resolution: "@esbuild/linux-loong64@npm:0.24.0"
  conditions: os=linux & cpu=loong64
  languageName: node
  linkType: hard

"@esbuild/linux-mips64el@npm:0.24.0":
  version: 0.24.0
  resolution: "@esbuild/linux-mips64el@npm:0.24.0"
  conditions: os=linux & cpu=mips64el
  languageName: node
  linkType: hard

"@esbuild/linux-ppc64@npm:0.24.0":
  version: 0.24.0
  resolution: "@esbuild/linux-ppc64@npm:0.24.0"
  conditions: os=linux & cpu=ppc64
  languageName: node
  linkType: hard

"@esbuild/linux-riscv64@npm:0.24.0":
  version: 0.24.0
  resolution: "@esbuild/linux-riscv64@npm:0.24.0"
  conditions: os=linux & cpu=riscv64
  languageName: node
  linkType: hard

"@esbuild/linux-s390x@npm:0.24.0":
  version: 0.24.0
  resolution: "@esbuild/linux-s390x@npm:0.24.0"
  conditions: os=linux & cpu=s390x
  languageName: node
  linkType: hard

"@esbuild/linux-x64@npm:0.24.0":
  version: 0.24.0
  resolution: "@esbuild/linux-x64@npm:0.24.0"
  conditions: os=linux & cpu=x64
  languageName: node
  linkType: hard

"@esbuild/netbsd-x64@npm:0.24.0":
  version: 0.24.0
  resolution: "@esbuild/netbsd-x64@npm:0.24.0"
  conditions: os=netbsd & cpu=x64
  languageName: node
  linkType: hard

"@esbuild/openbsd-arm64@npm:0.24.0":
  version: 0.24.0
  resolution: "@esbuild/openbsd-arm64@npm:0.24.0"
  conditions: os=openbsd & cpu=arm64
  languageName: node
  linkType: hard

"@esbuild/openbsd-x64@npm:0.24.0":
  version: 0.24.0
  resolution: "@esbuild/openbsd-x64@npm:0.24.0"
  conditions: os=openbsd & cpu=x64
  languageName: node
  linkType: hard

"@esbuild/sunos-x64@npm:0.24.0":
  version: 0.24.0
  resolution: "@esbuild/sunos-x64@npm:0.24.0"
  conditions: os=sunos & cpu=x64
  languageName: node
  linkType: hard

"@esbuild/win32-arm64@npm:0.24.0":
  version: 0.24.0
  resolution: "@esbuild/win32-arm64@npm:0.24.0"
  conditions: os=win32 & cpu=arm64
  languageName: node
  linkType: hard

"@esbuild/win32-ia32@npm:0.24.0":
  version: 0.24.0
  resolution: "@esbuild/win32-ia32@npm:0.24.0"
  conditions: os=win32 & cpu=ia32
  languageName: node
  linkType: hard

"@esbuild/win32-x64@npm:0.24.0":
  version: 0.24.0
  resolution: "@esbuild/win32-x64@npm:0.24.0"
  conditions: os=win32 & cpu=x64
  languageName: node
  linkType: hard

"@minatokens/api@workspace:packages/api":
  version: 0.0.0-use.local
  resolution: "@minatokens/api@workspace:packages/api"
  dependencies:
    "@types/node": "npm:^22.9.3"
    esbuild: "npm:^0.24.0"
    typescript: "npm:^5.7.2"
  languageName: unknown
  linkType: soft

"@types/node@npm:^22.9.3":
  version: 22.10.0
  resolution: "@types/node@npm:22.10.0"
  dependencies:
    undici-types: "npm:~6.20.0"
  checksum: 10c0/efb3783b6fe74b4300c5bdd4f245f1025887d9b1d0950edae584af58a30d95cc058c10b4b3428f8300e4318468b605240c2ede8fcfb6ead2e0f05bca31e54c1b
  languageName: node
  linkType: hard

"esbuild@npm:^0.24.0":
  version: 0.24.0
  resolution: "esbuild@npm:0.24.0"
  dependencies:
    "@esbuild/aix-ppc64": "npm:0.24.0"
    "@esbuild/android-arm": "npm:0.24.0"
    "@esbuild/android-arm64": "npm:0.24.0"
    "@esbuild/android-x64": "npm:0.24.0"
    "@esbuild/darwin-arm64": "npm:0.24.0"
    "@esbuild/darwin-x64": "npm:0.24.0"
    "@esbuild/freebsd-arm64": "npm:0.24.0"
    "@esbuild/freebsd-x64": "npm:0.24.0"
    "@esbuild/linux-arm": "npm:0.24.0"
    "@esbuild/linux-arm64": "npm:0.24.0"
    "@esbuild/linux-ia32": "npm:0.24.0"
    "@esbuild/linux-loong64": "npm:0.24.0"
    "@esbuild/linux-mips64el": "npm:0.24.0"
    "@esbuild/linux-ppc64": "npm:0.24.0"
    "@esbuild/linux-riscv64": "npm:0.24.0"
    "@esbuild/linux-s390x": "npm:0.24.0"
    "@esbuild/linux-x64": "npm:0.24.0"
    "@esbuild/netbsd-x64": "npm:0.24.0"
    "@esbuild/openbsd-arm64": "npm:0.24.0"
    "@esbuild/openbsd-x64": "npm:0.24.0"
    "@esbuild/sunos-x64": "npm:0.24.0"
    "@esbuild/win32-arm64": "npm:0.24.0"
    "@esbuild/win32-ia32": "npm:0.24.0"
    "@esbuild/win32-x64": "npm:0.24.0"
  dependenciesMeta:
    "@esbuild/aix-ppc64":
      optional: true
    "@esbuild/android-arm":
      optional: true
    "@esbuild/android-arm64":
      optional: true
    "@esbuild/android-x64":
      optional: true
    "@esbuild/darwin-arm64":
      optional: true
    "@esbuild/darwin-x64":
      optional: true
    "@esbuild/freebsd-arm64":
      optional: true
    "@esbuild/freebsd-x64":
      optional: true
    "@esbuild/linux-arm":
      optional: true
    "@esbuild/linux-arm64":
      optional: true
    "@esbuild/linux-ia32":
      optional: true
    "@esbuild/linux-loong64":
      optional: true
    "@esbuild/linux-mips64el":
      optional: true
    "@esbuild/linux-ppc64":
      optional: true
    "@esbuild/linux-riscv64":
      optional: true
    "@esbuild/linux-s390x":
      optional: true
    "@esbuild/linux-x64":
      optional: true
    "@esbuild/netbsd-x64":
      optional: true
    "@esbuild/openbsd-arm64":
      optional: true
    "@esbuild/openbsd-x64":
      optional: true
    "@esbuild/sunos-x64":
      optional: true
    "@esbuild/win32-arm64":
      optional: true
    "@esbuild/win32-ia32":
      optional: true
    "@esbuild/win32-x64":
      optional: true
  bin:
    esbuild: bin/esbuild
  checksum: 10c0/9f1aadd8d64f3bff422ae78387e66e51a5e09de6935a6f987b6e4e189ed00fdc2d1bc03d2e33633b094008529c8b6e06c7ad1a9782fb09fec223bf95998c0683
  languageName: node
  linkType: hard

"root-workspace-0b6124@workspace:.":
  version: 0.0.0-use.local
  resolution: "root-workspace-0b6124@workspace:."
  languageName: unknown
  linkType: soft

"typescript@npm:^5.7.2":
  version: 5.7.2
  resolution: "typescript@npm:5.7.2"
  bin:
    tsc: bin/tsc
    tsserver: bin/tsserver
  checksum: 10c0/a873118b5201b2ef332127ef5c63fb9d9c155e6fdbe211cbd9d8e65877283797cca76546bad742eea36ed7efbe3424a30376818f79c7318512064e8625d61622
  languageName: node
  linkType: hard

"typescript@patch:typescript@npm%3A^5.7.2#optional!builtin<compat/typescript>":
  version: 5.7.2
  resolution: "typescript@patch:typescript@npm%3A5.7.2#optional!builtin<compat/typescript>::version=5.7.2&hash=5786d5"
  bin:
    tsc: bin/tsc
    tsserver: bin/tsserver
  checksum: 10c0/f3b8082c9d1d1629a215245c9087df56cb784f9fb6f27b5d55577a20e68afe2a889c040aacff6d27e35be165ecf9dca66e694c42eb9a50b3b2c451b36b5675cb
  languageName: node
  linkType: hard

"undici-types@npm:~6.20.0":
  version: 6.20.0
  resolution: "undici-types@npm:6.20.0"
  checksum: 10c0/68e659a98898d6a836a9a59e6adf14a5d799707f5ea629433e025ac90d239f75e408e2e5ff086afc3cace26f8b26ee52155293564593fbb4a2f666af57fc59bf
  languageName: node
  linkType: hard
